
Microsoft Visual Studio Solution File, Format Version 12.00
# Visual Studio Version 16
VisualStudioVersion = 16.0.29503.13
MinimumVisualStudioVersion = 10.0.40219.1
Project("{FAE04EC0-301F-11D3-BF4B-00C04F79EFBC}") = "Sample01", "Test1\Sample01.csproj", "{F9A10A37-CD45-4FCE-B4F6-8723D27326E0}"
EndProject
Project("{2150E333-8FDC-42A3-9474-1A3956D46DE8}") = "Scripts", "Scripts", "{D67ACF53-2086-4420-B297-D45AB6C99C5A}"
EndProject
Project("{2150E333-8FDC-42A3-9474-1A3956D46DE8}") = "CRUD", "CRUD", "{12149CC1-E8A7-43BB-9015-39FC72E34D5C}"
	ProjectSection(SolutionItems) = preProject
		Insert1.sql = Insert1.sql
		SqlQuery_2.sql = SqlQuery_2.sql
	EndProjectSection
EndProject
Global
	GlobalSection(SolutionConfigurationPlatforms) = preSolution
		Debug|Any CPU = Debug|Any CPU
		Release|Any CPU = Release|Any CPU
	EndGlobalSection
	GlobalSection(ProjectConfigurationPlatforms) = postSolution
		{F9A10A37-CD45-4FCE-B4F6-8723D27326E0}.Debug|Any CPU.ActiveCfg = Debug|Any CPU
		{F9A10A37-CD45-4FCE-B4F6-8723D27326E0}.Debug|Any CPU.Build.0 = Debug|Any CPU
		{F9A10A37-CD45-4FCE-B4F6-8723D27326E0}.Release|Any CPU.ActiveCfg = Release|Any CPU
		{F9A10A37-CD45-4FCE-B4F6-8723D27326E0}.Release|Any CPU.Build.0 = Release|Any CPU
	EndGlobalSection
	GlobalSection(SolutionProperties) = preSolution
		HideSolutionNode = FALSE
	EndGlobalSection
	GlobalSection(NestedProjects) = preSolution
		{12149CC1-E8A7-43BB-9015-39FC72E34D5C} = {D67ACF53-2086-4420-B297-D45AB6C99C5A}
	EndGlobalSection
	GlobalSection(ExtensibilityGlobals) = postSolution
		SolutionGuid = {27B82A1D-FEF8-4E55-A823-3F486FA01086}
	EndGlobalSection
EndGlobal
